// !$*UTF8*$!
{
	archiveVersion = 1;
	classes = {
	};
	objectVersion = 56;
	objects = {

/* Begin PBXBuildFile section */
		49CB06DF2AB3545A0092989D /* AppDelegate.swift in Sources */ = {isa = PBXBuildFile; fileRef = 49CB06DE2AB3545A0092989D /* AppDelegate.swift */; };
		49CB06E12AB3545A0092989D /* SceneDelegate.swift in Sources */ = {isa = PBXBuildFile; fileRef = 49CB06E02AB3545A0092989D /* SceneDelegate.swift */; };
		49CB06E32AB3545A0092989D /* ViewController.swift in Sources */ = {isa = PBXBuildFile; fileRef = 49CB06E22AB3545A0092989D /* ViewController.swift */; };
		49CB06E62AB3545A0092989D /* Main.storyboard in Resources */ = {isa = PBXBuildFile; fileRef = 49CB06E42AB3545A0092989D /* Main.storyboard */; };
		49CB06E82AB3545F0092989D /* Assets.xcassets in Resources */ = {isa = PBXBuildFile; fileRef = 49CB06E72AB3545F0092989D /* Assets.xcassets */; };
		49CB06EB2AB3545F0092989D /* LaunchScreen.storyboard in Resources */ = {isa = PBXBuildFile; fileRef = 49CB06E92AB3545F0092989D /* LaunchScreen.storyboard */; };
		49CB06F62AB3545F0092989D /* firstappTests.swift in Sources */ = {isa = PBXBuildFile; fileRef = 49CB06F52AB3545F0092989D /* firstappTests.swift */; };
		49CB07002AB3545F0092989D /* firstappUITests.swift in Sources */ = {isa = PBXBuildFile; fileRef = 49CB06FF2AB3545F0092989D /* firstappUITests.swift */; };
		49CB07022AB3545F0092989D /* firstappUITestsLaunchTests.swift in Sources */ = {isa = PBXBuildFile; fileRef = 49CB07012AB3545F0092989D /* firstappUITestsLaunchTests.swift */; };
		49CB070F2AB3548D0092989D /* IOSNis.swift in Sources */ = {isa = PBXBuildFile; fileRef = 49CB070E2AB3548D0092989D /* IOSNis.swift */; };
/* End PBXBuildFile section */

/* Begin PBXContainerItemProxy section */
		49CB06F22AB3545F0092989D /* PBXContainerItemProxy */ = {
			isa = PBXContainerItemProxy;
			containerPortal = 49CB06D32AB3545A0092989D /* Project object */;
			proxyType = 1;
			remoteGlobalIDString = 49CB06DA2AB3545A0092989D;
			remoteInfo = firstapp;
		};
		49CB06FC2AB3545F0092989D /* PBXContainerItemProxy */ = {
			isa = PBXContainerItemProxy;
			containerPortal = 49CB06D32AB3545A0092989D /* Project object */;
			proxyType = 1;
			remoteGlobalIDString = 49CB06DA2AB3545A0092989D;
			remoteInfo = firstapp;
		};
/* End PBXContainerItemProxy section */

/* Begin PBXFileReference section */
		49CB06DB2AB3545A0092989D /* firstapp.app */ = {isa = PBXFileReference; explicitFileType = wrapper.application; includeInIndex = 0; path = firstapp.app; sourceTree = BUILT_PRODUCTS_DIR; };
		49CB06DE2AB3545A0092989D /* AppDelegate.swift */ = {isa = PBXFileReference; lastKnownFileType = sourcecode.swift; path = AppDelegate.swift; sourceTree = "<group>"; };
		49CB06E02AB3545A0092989D /* SceneDelegate.swift */ = {isa = PBXFileReference; lastKnownFileType = sourcecode.swift; path = SceneDelegate.swift; sourceTree = "<group>"; };
		49CB06E22AB3545A0092989D /* ViewController.swift */ = {isa = PBXFileReference; lastKnownFileType = sourcecode.swift; path = ViewController.swift; sourceTree = "<group>"; };
		49CB06E52AB3545A0092989D /* Base */ = {isa = PBXFileReference; lastKnownFileType = file.storyboard; name = Base; path = Base.lproj/Main.storyboard; sourceTree = "<group>"; };
		49CB06E72AB3545F0092989D /* Assets.xcassets */ = {isa = PBXFileReference; lastKnownFileType = folder.assetcatalog; path = Assets.xcassets; sourceTree = "<group>"; };
		49CB06EA2AB3545F0092989D /* Base */ = {isa = PBXFileReference; lastKnownFileType = file.storyboard; name = Base; path = Base.lproj/LaunchScreen.storyboard; sourceTree = "<group>"; };
		49CB06EC2AB3545F0092989D /* Info.plist */ = {isa = PBXFileReference; lastKnownFileType = text.plist.xml; path = Info.plist; sourceTree = "<group>"; };
		49CB06F12AB3545F0092989D /* firstappTests.xctest */ = {isa = PBXFileReference; explicitFileType = wrapper.cfbundle; includeInIndex = 0; path = firstappTests.xctest; sourceTree = BUILT_PRODUCTS_DIR; };
		49CB06F52AB3545F0092989D /* firstappTests.swift */ = {isa = PBXFileReference; lastKnownFileType = sourcecode.swift; path = firstappTests.swift; sourceTree = "<group>"; };
		49CB06FB2AB3545F0092989D /* firstappUITests.xctest */ = {isa = PBXFileReference; explicitFileType = wrapper.cfbundle; includeInIndex = 0; path = firstappUITests.xctest; sourceTree = BUILT_PRODUCTS_DIR; };
		49CB06FF2AB3545F0092989D /* firstappUITests.swift */ = {isa = PBXFileReference; lastKnownFileType = sourcecode.swift; path = firstappUITests.swift; sourceTree = "<group>"; };
		49CB07012AB3545F0092989D /* firstappUITestsLaunchTests.swift */ = {isa = PBXFileReference; lastKnownFileType = sourcecode.swift; path = firstappUITestsLaunchTests.swift; sourceTree = "<group>"; };
		49CB070E2AB3548D0092989D /* IOSNis.swift */ = {isa = PBXFileReference; lastKnownFileType = sourcecode.swift; path = IOSNis.swift; sourceTree = "<group>"; };
/* End PBXFileReference section */

/* Begin PBXFrameworksBuildPhase section */
		49CB06D82AB3545A0092989D /* Frameworks */ = {
			isa = PBXFrameworksBuildPhase;
			buildActionMask = 2147483647;
			files = (
			);
			runOnlyForDeploymentPostprocessing = 0;
		};
		49CB06EE2AB3545F0092989D /* Frameworks */ = {
			isa = PBXFrameworksBuildPhase;
			buildActionMask = 2147483647;
			files = (
			);
			runOnlyForDeploymentPostprocessing = 0;
		};
		49CB06F82AB3545F0092989D /* Frameworks */ = {
			isa = PBXFrameworksBuildPhase;
			buildActionMask = 2147483647;
			files = (
			);
			runOnlyForDeploymentPostprocessing = 0;
		};
/* End PBXFrameworksBuildPhase section */

/* Begin PBXGroup section */
		49CB06D22AB3545A0092989D = {
			isa = PBXGroup;
			children = (
				49CB06DD2AB3545A0092989D /* firstapp */,
				49CB06F42AB3545F0092989D /* firstappTests */,
				49CB06FE2AB3545F0092989D /* firstappUITests */,
				49CB06DC2AB3545A0092989D /* Products */,
			);
			sourceTree = "<group>";
		};
		49CB06DC2AB3545A0092989D /* Products */ = {
			isa = PBXGroup;
			children = (
				49CB06DB2AB3545A0092989D /* firstapp.app */,
				49CB06F12AB3545F0092989D /* firstappTests.xctest */,
				49CB06FB2AB3545F0092989D /* firstappUITests.xctest */,
			);
			name = Products;
			sourceTree = "<group>";
		};
		49CB06DD2AB3545A0092989D /* firstapp */ = {
			isa = PBXGroup;
			children = (
				49CB06DE2AB3545A0092989D /* AppDelegate.swift */,
				49CB06E02AB3545A0092989D /* SceneDelegate.swift */,
				49CB06E22AB3545A0092989D /* ViewController.swift */,
				49CB06E42AB3545A0092989D /* Main.storyboard */,
				49CB06E72AB3545F0092989D /* Assets.xcassets */,
				49CB06E92AB3545F0092989D /* LaunchScreen.storyboard */,
				49CB06EC2AB3545F0092989D /* Info.plist */,
				49CB070E2AB3548D0092989D /* IOSNis.swift */,
			);
			path = firstapp;
			sourceTree = "<group>";
		};
		49CB06F42AB3545F0092989D /* firstappTests */ = {
			isa = PBXGroup;
			children = (
				49CB06F52AB3545F0092989D /* firstappTests.swift */,
			);
			path = firstappTests;
			sourceTree = "<group>";
		};
		49CB06FE2AB3545F0092989D /* firstappUITests */ = {
			isa = PBXGroup;
			children = (
				49CB06FF2AB3545F0092989D /* firstappUITests.swift */,
				49CB07012AB3545F0092989D /* firstappUITestsLaunchTests.swift */,
			);
			path = firstappUITests;
			sourceTree = "<group>";
		};
/* End PBXGroup section */

/* Begin PBXNativeTarget section */
		49CB06DA2AB3545A0092989D /* firstapp */ = {
			isa = PBXNativeTarget;
			buildConfigurationList = 49CB07052AB3545F0092989D /* Build configuration list for PBXNativeTarget "firstapp" */;
			buildPhases = (
				49CB06D72AB3545A0092989D /* Sources */,
				49CB06D82AB3545A0092989D /* Frameworks */,
				49CB06D92AB3545A0092989D /* Resources */,
			);
			buildRules = (
			);
			dependencies = (
			);
			name = firstapp;
			productName = firstapp;
			productReference = 49CB06DB2AB3545A0092989D /* firstapp.app */;
			productType = "com.apple.product-type.application";
		};
		49CB06F02AB3545F0092989D /* firstappTests */ = {
			isa = PBXNativeTarget;
			buildConfigurationList = 49CB07082AB3545F0092989D /* Build configuration list for PBXNativeTarget "firstappTests" */;
			buildPhases = (
				49CB06ED2AB3545F0092989D /* Sources */,
				49CB06EE2AB3545F0092989D /* Frameworks */,
				49CB06EF2AB3545F0092989D /* Resources */,
			);
			buildRules = (
			);
			dependencies = (
				49CB06F32AB3545F0092989D /* PBXTargetDependency */,
			);
			name = firstappTests;
			productName = firstappTests;
			productReference = 49CB06F12AB3545F0092989D /* firstappTests.xctest */;
			productType = "com.apple.product-type.bundle.unit-test";
		};
		49CB06FA2AB3545F0092989D /* firstappUITests */ = {
			isa = PBXNativeTarget;
			buildConfigurationList = 49CB070B2AB3545F0092989D /* Build configuration list for PBXNativeTarget "firstappUITests" */;
			buildPhases = (
				49CB06F72AB3545F0092989D /* Sources */,
				49CB06F82AB3545F0092989D /* Frameworks */,
				49CB06F92AB3545F0092989D /* Resources */,
			);
			buildRules = (
			);
			dependencies = (
				49CB06FD2AB3545F0092989D /* PBXTargetDependency */,
			);
			name = firstappUITests;
			productName = firstappUITests;
			productReference = 49CB06FB2AB3545F0092989D /* firstappUITests.xctest */;
			productType = "com.apple.product-type.bundle.ui-testing";
		};
/* End PBXNativeTarget section */

/* Begin PBXProject section */
		49CB06D32AB3545A0092989D /* Project object */ = {
			isa = PBXProject;
			attributes = {
				BuildIndependentTargetsInParallel = 1;
				LastSwiftUpdateCheck = 1430;
				LastUpgradeCheck = 1430;
				TargetAttributes = {
					49CB06DA2AB3545A0092989D = {
						CreatedOnToolsVersion = 14.3.1;
					};
					49CB06F02AB3545F0092989D = {
						CreatedOnToolsVersion = 14.3.1;
						TestTargetID = 49CB06DA2AB3545A0092989D;
					};
					49CB06FA2AB3545F0092989D = {
						CreatedOnToolsVersion = 14.3.1;
						TestTargetID = 49CB06DA2AB3545A0092989D;
					};
				};
			};
			buildConfigurationList = 49CB06D62AB3545A0092989D /* Build configuration list for PBXProject "firstapp" */;
			compatibilityVersion = "Xcode 14.0";
			developmentRegion = en;
			hasScannedForEncodings = 0;
			knownRegions = (
				en,
				Base,
			);
			mainGroup = 49CB06D22AB3545A0092989D;
			productRefGroup = 49CB06DC2AB3545A0092989D /* Products */;
			projectDirPath = "";
			projectRoot = "";
			targets = (
				49CB06DA2AB3545A0092989D /* firstapp */,
				49CB06F02AB3545F0092989D /* firstappTests */,
				49CB06FA2AB3545F0092989D /* firstappUITests */,
			);
		};
/* End PBXProject section */

/* Begin PBXResourcesBuildPhase section */
		49CB06D92AB3545A0092989D /* Resources */ = {
			isa = PBXResourcesBuildPhase;
			buildActionMask = 2147483647;
			files = (
				49CB06EB2AB3545F0092989D /* LaunchScreen.storyboard in Resources */,
				49CB06E82AB3545F0092989D /* Assets.xcassets in Resources */,
				49CB06E62AB3545A0092989D /* Main.storyboard in Resources */,
			);
			runOnlyForDeploymentPostprocessing = 0;
		};
		49CB06EF2AB3545F0092989D /* Resources */ = {
			isa = PBXResourcesBuildPhase;
			buildActionMask = 2147483647;
			files = (
			);
			runOnlyForDeploymentPostprocessing = 0;
		};
		49CB06F92AB3545F0092989D /* Resources */ = {
			isa = PBXResourcesBuildPhase;
			buildActionMask = 2147483647;
			files = (
			);
			runOnlyForDeploymentPostprocessing = 0;
		};
/* End PBXResourcesBuildPhase section */

/* Begin PBXSourcesBuildPhase section */
		49CB06D72AB3545A0092989D /* Sources */ = {
			isa = PBXSourcesBuildPhase;
			buildActionMask = 2147483647;
			files = (
				49CB070F2AB3548D0092989D /* IOSNis.swift in Sources */,
				49CB06E32AB3545A0092989D /* ViewController.swift in Sources */,
				49CB06DF2AB3545A0092989D /* AppDelegate.swift in Sources */,
				49CB06E12AB3545A0092989D /* SceneDelegate.swift in Sources */,
			);
			runOnlyForDeploymentPostprocessing = 0;
		};
		49CB06ED2AB3545F0092989D /* Sources */ = {
			isa = PBXSourcesBuildPhase;
			buildActionMask = 2147483647;
			files = (
				49CB06F62AB3545F0092989D /* firstappTests.swift in Sources */,
			);
			runOnlyForDeploymentPostprocessing = 0;
		};
		49CB06F72AB3545F0092989D /* Sources */ = {
			isa = PBXSourcesBuildPhase;
			buildActionMask = 2147483647;
			files = (
				49CB07022AB3545F0092989D /* firstappUITestsLaunchTests.swift in Sources */,
				49CB07002AB3545F0092989D /* firstappUITests.swift in Sources */,
			);
			runOnlyForDeploymentPostprocessing = 0;
		};
/* End PBXSourcesBuildPhase section */

/* Begin PBXTargetDependency section */
		49CB06F32AB3545F0092989D /* PBXTargetDependency */ = {
			isa = PBXTargetDependency;
			target = 49CB06DA2AB3545A0092989D /* firstapp */;
			targetProxy = 49CB06F22AB3545F0092989D /* PBXContainerItemProxy */;
		};
		49CB06FD2AB3545F0092989D /* PBXTargetDependency */ = {
			isa = PBXTargetDependency;
			target = 49CB06DA2AB3545A0092989D /* firstapp */;
			targetProxy = 49CB06FC2AB3545F0092989D /* PBXContainerItemProxy */;
		};
/* End PBXTargetDependency section */

/* Begin PBXVariantGroup section */
		49CB06E42AB3545A0092989D /* Main.storyboard */ = {
			isa = PBXVariantGroup;
			children = (
				49CB06E52AB3545A0092989D /* Base */,
			);
			name = Main.storyboard;
			sourceTree = "<group>";
		};
		49CB06E92AB3545F0092989D /* LaunchScreen.storyboard */ = {
			isa = PBXVariantGroup;
			children = (
				49CB06EA2AB3545F0092989D /* Base */,
			);
			name = LaunchScreen.storyboard;
			sourceTree = "<group>";
		};
/* End PBXVariantGroup section */

/* Begin XCBuildConfiguration section */
		49CB07032AB3545F0092989D /* Debug */ = {
			isa = XCBuildConfiguration;
			buildSettings = {
				ALWAYS_SEARCH_USER_PATHS = NO;
				CLANG_ANALYZER_NONNULL = YES;
				CLANG_ANALYZER_NUMBER_OBJECT_CONVERSION = YES_AGGRESSIVE;
				CLANG_CXX_LANGUAGE_STANDARD = "gnu++20";
				CLANG_ENABLE_MODULES = YES;
				CLANG_ENABLE_OBJC_ARC = YES;
				CLANG_ENABLE_OBJC_WEAK = YES;
				CLANG_WARN_BLOCK_CAPTURE_AUTORELEASING = YES;
				CLANG_WARN_BOOL_CONVERSION = YES;
				CLANG_WARN_COMMA = YES;
				CLANG_WARN_CONSTANT_CONVERSION = YES;
				CLANG_WARN_DEPRECATED_OBJC_IMPLEMENTATIONS = YES;
				CLANG_WARN_DIRECT_OBJC_ISA_USAGE = YES_ERROR;
				CLANG_WARN_DOCUMENTATION_COMMENTS = YES;
				CLANG_WARN_EMPTY_BODY = YES;
				CLANG_WARN_ENUM_CONVERSION = YES;
				CLANG_WARN_INFINITE_RECURSION = YES;
				CLANG_WARN_INT_CONVERSION = YES;
				CLANG_WARN_NON_LITERAL_NULL_CONVERSION = YES;
				CLANG_WARN_OBJC_IMPLICIT_RETAIN_SELF = YES;
				CLANG_WARN_OBJC_LITERAL_CONVERSION = YES;
				CLANG_WARN_OBJC_ROOT_CLASS = YES_ERROR;
				CLANG_WARN_QUOTED_INCLUDE_IN_FRAMEWORK_HEADER = YES;
				CLANG_WARN_RANGE_LOOP_ANALYSIS = YES;
				CLANG_WARN_STRICT_PROTOTYPES = YES;
				CLANG_WARN_SUSPICIOUS_MOVE = YES;
				CLANG_WARN_UNGUARDED_AVAILABILITY = YES_AGGRESSIVE;
				CLANG_WARN_UNREACHABLE_CODE = YES;
				CLANG_WARN__DUPLICATE_METHOD_MATCH = YES;
				COPY_PHASE_STRIP = NO;
				DEBUG_INFORMATION_FORMAT = dwarf;
				ENABLE_STRICT_OBJC_MSGSEND = YES;
				ENABLE_TESTABILITY = YES;
				GCC_C_LANGUAGE_STANDARD = gnu11;
				GCC_DYNAMIC_NO_PIC = NO;
				GCC_NO_COMMON_BLOCKS = YES;
				GCC_OPTIMIZATION_LEVEL = 0;
				GCC_PREPROCESSOR_DEFINITIONS = (
					"DEBUG=1",
					"$(inherited)",
				);
				GCC_WARN_64_TO_32_BIT_CONVERSION = YES;
				GCC_WARN_ABOUT_RETURN_TYPE = YES_ERROR;
				GCC_WARN_UNDECLARED_SELECTOR = YES;
				GCC_WARN_UNINITIALIZED_AUTOS = YES_AGGRESSIVE;
				GCC_WARN_UNUSED_FUNCTION = YES;
				GCC_WARN_UNUSED_VARIABLE = YES;
				IPHONEOS_DEPLOYMENT_TARGET = 16.4;
				MTL_ENABLE_DEBUG_INFO = INCLUDE_SOURCE;
				MTL_FAST_MATH = YES;
				ONLY_ACTIVE_ARCH = YES;
				SDKROOT = iphoneos;
				SWIFT_ACTIVE_COMPILATION_CONDITIONS = DEBUG;
				SWIFT_OPTIMIZATION_LEVEL = "-Onone";
			};
			name = Debug;
		};
		49CB07042AB3545F0092989D /* Release */ = {
			isa = XCBuildConfiguration;
			buildSettings = {
				ALWAYS_SEARCH_USER_PATHS = NO;
				CLANG_ANALYZER_NONNULL = YES;
				CLANG_ANALYZER_NUMBER_OBJECT_CONVERSION = YES_AGGRESSIVE;
				CLANG_CXX_LANGUAGE_STANDARD = "gnu++20";
				CLANG_ENABLE_MODULES = YES;
				CLANG_ENABLE_OBJC_ARC = YES;
				CLANG_ENABLE_OBJC_WEAK = YES;
				CLANG_WARN_BLOCK_CAPTURE_AUTORELEASING = YES;
				CLANG_WARN_BOOL_CONVERSION = YES;
				CLANG_WARN_COMMA = YES;
				CLANG_WARN_CONSTANT_CONVERSION = YES;
				CLANG_WARN_DEPRECATED_OBJC_IMPLEMENTATIONS = YES;
				CLANG_WARN_DIRECT_OBJC_ISA_USAGE = YES_ERROR;
				CLANG_WARN_DOCUMENTATION_COMMENTS = YES;
				CLANG_WARN_EMPTY_BODY = YES;
				CLANG_WARN_ENUM_CONVERSION = YES;
				CLANG_WARN_INFINITE_RECURSION = YES;
				CLANG_WARN_INT_CONVERSION = YES;
				CLANG_WARN_NON_LITERAL_NULL_CONVERSION = YES;
				CLANG_WARN_OBJC_IMPLICIT_RETAIN_SELF = YES;
				CLANG_WARN_OBJC_LITERAL_CONVERSION = YES;
				CLANG_WARN_OBJC_ROOT_CLASS = YES_ERROR;
				CLANG_WARN_QUOTED_INCLUDE_IN_FRAMEWORK_HEADER = YES;
				CLANG_WARN_RANGE_LOOP_ANALYSIS = YES;
				CLANG_WARN_STRICT_PROTOTYPES = YES;
				CLANG_WARN_SUSPICIOUS_MOVE = YES;
				CLANG_WARN_UNGUARDED_AVAILABILITY = YES_AGGRESSIVE;
				CLANG_WARN_UNREACHABLE_CODE = YES;
				CLANG_WARN__DUPLICATE_METHOD_MATCH = YES;
				COPY_PHASE_STRIP = NO;
				DEBUG_INFORMATION_FORMAT = "dwarf-with-dsym";
				ENABLE_NS_ASSERTIONS = NO;
				ENABLE_STRICT_OBJC_MSGSEND = YES;
				GCC_C_LANGUAGE_STANDARD = gnu11;
				GCC_NO_COMMON_BLOCKS = YES;
				GCC_WARN_64_TO_32_BIT_CONVERSION = YES;
				GCC_WARN_ABOUT_RETURN_TYPE = YES_ERROR;
				GCC_WARN_UNDECLARED_SELECTOR = YES;
				GCC_WARN_UNINITIALIZED_AUTOS = YES_AGGRESSIVE;
				GCC_WARN_UNUSED_FUNCTION = YES;
				GCC_WARN_UNUSED_VARIABLE = YES;
				IPHONEOS_DEPLOYMENT_TARGET = 16.4;
				MTL_ENABLE_DEBUG_INFO = NO;
				MTL_FAST_MATH = YES;
				SDKROOT = iphoneos;
				SWIFT_COMPILATION_MODE = wholemodule;
				SWIFT_OPTIMIZATION_LEVEL = "-O";
				VALIDATE_PRODUCT = YES;
			};
			name = Release;
		};
		49CB07062AB3545F0092989D /* Debug */ = {
			isa = XCBuildConfiguration;
			buildSettings = {
				ASSETCATALOG_COMPILER_APPICON_NAME = AppIcon;
				ASSETCATALOG_COMPILER_GLOBAL_ACCENT_COLOR_NAME = AccentColor;
				CODE_SIGN_STYLE = Automatic;
				CURRENT_PROJECT_VERSION = 1;
				GENERATE_INFOPLIST_FILE = YES;
				INFOPLIST_FILE = firstapp/Info.plist;
				INFOPLIST_KEY_UIApplicationSupportsIndirectInputEvents = YES;
				INFOPLIST_KEY_UILaunchStoryboardName = LaunchScreen;
				INFOPLIST_KEY_UIMainStoryboardFile = Main;
				INFOPLIST_KEY_UISupportedInterfaceOrientations_iPad = "UIInterfaceOrientationPortrait UIInterfaceOrientationPortraitUpsideDown UIInterfaceOrientationLandscapeLeft UIInterfaceOrientationLandscapeRight";
				INFOPLIST_KEY_UISupportedInterfaceOrientations_iPhone = "UIInterfaceOrientationPortrait UIInterfaceOrientationLandscapeLeft UIInterfaceOrientationLandscapeRight";
				LD_RUNPATH_SEARCH_PATHS = (
					"$(inherited)",
					"@executable_path/Frameworks",
				);
				MARKETING_VERSION = 1.0;
				PRODUCT_BUNDLE_IDENTIFIER = "-234.firstapp";
				PRODUCT_NAME = "$(TARGET_NAME)";
				SWIFT_EMIT_LOC_STRINGS = YES;
				SWIFT_VERSION = 5.0;
				TARGETED_DEVICE_FAMILY = "1,2";
			};
			name = Debug;
		};
		49CB07072AB3545F0092989D /* Release */ = {
			isa = XCBuildConfiguration;
			buildSettings = {
				ASSETCATALOG_COMPILER_APPICON_NAME = AppIcon;
				ASSETCATALOG_COMPILER_GLOBAL_ACCENT_COLOR_NAME = AccentColor;
				CODE_SIGN_STYLE = Automatic;
				CURRENT_PROJECT_VERSION = 1;
				GENERATE_INFOPLIST_FILE = YES;
				INFOPLIST_FILE = firstapp/Info.plist;
				INFOPLIST_KEY_UIApplicationSupportsIndirectInputEvents = YES;
				INFOPLIST_KEY_UILaunchStoryboardName = LaunchScreen;
				INFOPLIST_KEY_UIMainStoryboardFile = Main;
				INFOPLIST_KEY_UISupportedInterfaceOrientations_iPad = "UIInterfaceOrientationPortrait UIInterfaceOrientationPortraitUpsideDown UIInterfaceOrientationLandscapeLeft UIInterfaceOrientationLandscapeRight";
				INFOPLIST_KEY_UISupportedInterfaceOrientations_iPhone = "UIInterfaceOrientationPortrait UIInterfaceOrientationLandscapeLeft UIInterfaceOrientationLandscapeRight";
				LD_RUNPATH_SEARCH_PATHS = (
					"$(inherited)",
					"@executable_path/Frameworks",
				);
				MARKETING_VERSION = 1.0;
				PRODUCT_BUNDLE_IDENTIFIER = "-234.firstapp";
				PRODUCT_NAME = "$(TARGET_NAME)";
				SWIFT_EMIT_LOC_STRINGS = YES;
				SWIFT_VERSION = 5.0;
				TARGETED_DEVICE_FAMILY = "1,2";
			};
			name = Release;
		};
		49CB07092AB3545F0092989D /* Debug */ = {
			isa = XCBuildConfiguration;
			buildSettings = {
				ALWAYS_EMBED_SWIFT_STANDARD_LIBRARIES = YES;
				BUNDLE_LOADER = "$(TEST_HOST)";
				CODE_SIGN_STYLE = Automatic;
				CURRENT_PROJECT_VERSION = 1;
				GENERATE_INFOPLIST_FILE = YES;
				IPHONEOS_DEPLOYMENT_TARGET = 16.4;
				MARKETING_VERSION = 1.0;
				PRODUCT_BUNDLE_IDENTIFIER = "-234.firstappTests";
				PRODUCT_NAME = "$(TARGET_NAME)";
				SWIFT_EMIT_LOC_STRINGS = NO;
				SWIFT_VERSION = 5.0;
				TARGETED_DEVICE_FAMILY = "1,2";
				TEST_HOST = "$(BUILT_PRODUCTS_DIR)/firstapp.app/$(BUNDLE_EXECUTABLE_FOLDER_PATH)/firstapp";
			};
			name = Debug;
		};
		49CB070A2AB3545F0092989D /* Release */ = {
			isa = XCBuildConfiguration;
			buildSettings = {
				ALWAYS_EMBED_SWIFT_STANDARD_LIBRARIES = YES;
				BUNDLE_LOADER = "$(TEST_HOST)";
				CODE_SIGN_STYLE = Automatic;
				CURRENT_PROJECT_VERSION = 1;
				GENERATE_INFOPLIST_FILE = YES;
				IPHONEOS_DEPLOYMENT_TARGET = 16.4;
				MARKETING_VERSION = 1.0;
				PRODUCT_BUNDLE_IDENTIFIER = "-234.firstappTests";
				PRODUCT_NAME = "$(TARGET_NAME)";
				SWIFT_EMIT_LOC_STRINGS = NO;
				SWIFT_VERSION = 5.0;
				TARGETED_DEVICE_FAMILY = "1,2";
				TEST_HOST = "$(BUILT_PRODUCTS_DIR)/firstapp.app/$(BUNDLE_EXECUTABLE_FOLDER_PATH)/firstapp";
			};
			name = Release;
		};
		49CB070C2AB3545F0092989D /* Debug */ = {
			isa = XCBuildConfiguration;
			buildSettings = {
				ALWAYS_EMBED_SWIFT_STANDARD_LIBRARIES = YES;
				CODE_SIGN_STYLE = Automatic;
				CURRENT_PROJECT_VERSION = 1;
				GENERATE_INFOPLIST_FILE = YES;
				MARKETING_VERSION = 1.0;
				PRODUCT_BUNDLE_IDENTIFIER = "-234.firstappUITests";
				PRODUCT_NAME = "$(TARGET_NAME)";
				SWIFT_EMIT_LOC_STRINGS = NO;
				SWIFT_VERSION = 5.0;
				TARGETED_DEVICE_FAMILY = "1,2";
				TEST_TARGET_NAME = firstapp;
			};
			name = Debug;
		};
		49CB070D2AB3545F0092989D /* Release */ = {
			isa = XCBuildConfiguration;
			buildSettings = {
				ALWAYS_EMBED_SWIFT_STANDARD_LIBRARIES = YES;
				CODE_SIGN_STYLE = Automatic;
				CURRENT_PROJECT_VERSION = 1;
				GENERATE_INFOPLIST_FILE = YES;
				MARKETING_VERSION = 1.0;
				PRODUCT_BUNDLE_IDENTIFIER = "-234.firstappUITests";
				PRODUCT_NAME = "$(TARGET_NAME)";
				SWIFT_EMIT_LOC_STRINGS = NO;
				SWIFT_VERSION = 5.0;
				TARGETED_DEVICE_FAMILY = "1,2";
				TEST_TARGET_NAME = firstapp;
			};
			name = Release;
		};
/* End XCBuildConfiguration section */

/* Begin XCConfigurationList section */
		49CB06D62AB3545A0092989D /* Build configuration list for PBXProject "firstapp" */ = {
			isa = XCConfigurationList;
			buildConfigurations = (
				49CB07032AB3545F0092989D /* Debug */,
				49CB07042AB3545F0092989D /* Release */,
			);
			defaultConfigurationIsVisible = 0;
			defaultConfigurationName = Release;
		};
		49CB07052AB3545F0092989D /* Build configuration list for PBXNativeTarget "firstapp" */ = {
			isa = XCConfigurationList;
			buildConfigurations = (
				49CB07062AB3545F0092989D /* Debug */,
				49CB07072AB3545F0092989D /* Release */,
			);
			defaultConfigurationIsVisible = 0;
			defaultConfigurationName = Release;
		};
		49CB07082AB3545F0092989D /* Build configuration list for PBXNativeTarget "firstappTests" */ = {
			isa = XCConfigurationList;
			buildConfigurations = (
				49CB07092AB3545F0092989D /* Debug */,
				49CB070A2AB3545F0092989D /* Release */,
			);
			defaultConfigurationIsVisible = 0;
			defaultConfigurationName = Release;
		};
		49CB070B2AB3545F0092989D /* Build configuration list for PBXNativeTarget "firstappUITests" */ = {
			isa = XCConfigurationList;
			buildConfigurations = (
				49CB070C2AB3545F0092989D /* Debug */,
				49CB070D2AB3545F0092989D /* Release */,
			);
			defaultConfigurationIsVisible = 0;
			defaultConfigurationName = Release;
		};
/* End XCConfigurationList section */
	};
	rootObject = 49CB06D32AB3545A0092989D /* Project object */;
}
