// !$*UTF8*$!
{
	archiveVersion = 1;
	classes = {
	};
	objectVersion = 56;
	objects = {

/* Begin PBXBuildFile section */
		0D91A5DB2B77255B009B9538 /* WishStoringViewController.swift in Sources */ = {isa = PBXBuildFile; fileRef = 0D91A5DA2B77255B009B9538 /* WishStoringViewController.swift */; };
		0DCE56FE2B956B0100609C23 /* WrittenWishCell.swift in Sources */ = {isa = PBXBuildFile; fileRef = 0DCE56FD2B956B0100609C23 /* WrittenWishCell.swift */; };
		0DCE57052B95D76B00609C23 /* UIViewPin.swift in Sources */ = {isa = PBXBuildFile; fileRef = 0DCE57042B95D76B00609C23 /* UIViewPin.swift */; };
		0DCE57072B9785D300609C23 /* AddWishCell.swift in Sources */ = {isa = PBXBuildFile; fileRef = 0DCE57062B9785D300609C23 /* AddWishCell.swift */; };
		0DD02EF52B737BF700D94E33 /* AppDelegate.swift in Sources */ = {isa = PBXBuildFile; fileRef = 0DD02EF42B737BF700D94E33 /* AppDelegate.swift */; };
		0DD02EF72B737BF700D94E33 /* SceneDelegate.swift in Sources */ = {isa = PBXBuildFile; fileRef = 0DD02EF62B737BF700D94E33 /* SceneDelegate.swift */; };
		0DD02EFE2B737BF800D94E33 /* Assets.xcassets in Resources */ = {isa = PBXBuildFile; fileRef = 0DD02EFD2B737BF800D94E33 /* Assets.xcassets */; };
		0DD02F012B737BF800D94E33 /* LaunchScreen.storyboard in Resources */ = {isa = PBXBuildFile; fileRef = 0DD02EFF2B737BF800D94E33 /* LaunchScreen.storyboard */; };
		0DD02F0A2B737C6100D94E33 /* CustomSlider.swift in Sources */ = {isa = PBXBuildFile; fileRef = 0DD02F092B737C6100D94E33 /* CustomSlider.swift */; };
		0DD02F0D2B737D7600D94E33 /* UIColorExtension.swift in Sources */ = {isa = PBXBuildFile; fileRef = 0DD02F0C2B737D7600D94E33 /* UIColorExtension.swift */; };
		0DD02F102B737E0300D94E33 /* WishMakerViewController.swift in Sources */ = {isa = PBXBuildFile; fileRef = 0DD02F0F2B737E0300D94E33 /* WishMakerViewController.swift */; };
		0DD7A33C2BA902E500E72344 /* CoreData.xcdatamodeld in Sources */ = {isa = PBXBuildFile; fileRef = 0DD7A33A2BA902E500E72344 /* CoreData.xcdatamodeld */; };
		0DD7A3482BA9045700E72344 /* CoreDataManager.swift in Sources */ = {isa = PBXBuildFile; fileRef = 0DD7A3472BA9045700E72344 /* CoreDataManager.swift */; };
/* End PBXBuildFile section */

/* Begin PBXFileReference section */
		0D91A5DA2B77255B009B9538 /* WishStoringViewController.swift */ = {isa = PBXFileReference; lastKnownFileType = sourcecode.swift; path = WishStoringViewController.swift; sourceTree = "<group>"; };
		0DCE56FD2B956B0100609C23 /* WrittenWishCell.swift */ = {isa = PBXFileReference; lastKnownFileType = sourcecode.swift; path = WrittenWishCell.swift; sourceTree = "<group>"; };
		0DCE57042B95D76B00609C23 /* UIViewPin.swift */ = {isa = PBXFileReference; fileEncoding = 4; lastKnownFileType = sourcecode.swift; path = UIViewPin.swift; sourceTree = "<group>"; };
		0DCE57062B9785D300609C23 /* AddWishCell.swift */ = {isa = PBXFileReference; lastKnownFileType = sourcecode.swift; path = AddWishCell.swift; sourceTree = "<group>"; };
		0DD02EF12B737BF700D94E33 /* nakitaevPW2.app */ = {isa = PBXFileReference; explicitFileType = wrapper.application; includeInIndex = 0; path = nakitaevPW2.app; sourceTree = BUILT_PRODUCTS_DIR; };
		0DD02EF42B737BF700D94E33 /* AppDelegate.swift */ = {isa = PBXFileReference; lastKnownFileType = sourcecode.swift; path = AppDelegate.swift; sourceTree = "<group>"; };
		0DD02EF62B737BF700D94E33 /* SceneDelegate.swift */ = {isa = PBXFileReference; lastKnownFileType = sourcecode.swift; path = SceneDelegate.swift; sourceTree = "<group>"; };
		0DD02EFD2B737BF800D94E33 /* Assets.xcassets */ = {isa = PBXFileReference; lastKnownFileType = folder.assetcatalog; path = Assets.xcassets; sourceTree = "<group>"; };
		0DD02F002B737BF800D94E33 /* Base */ = {isa = PBXFileReference; lastKnownFileType = file.storyboard; name = Base; path = Base.lproj/LaunchScreen.storyboard; sourceTree = "<group>"; };
		0DD02F022B737BF800D94E33 /* Info.plist */ = {isa = PBXFileReference; lastKnownFileType = text.plist.xml; path = Info.plist; sourceTree = "<group>"; };
		0DD02F092B737C6100D94E33 /* CustomSlider.swift */ = {isa = PBXFileReference; lastKnownFileType = sourcecode.swift; path = CustomSlider.swift; sourceTree = "<group>"; };
		0DD02F0C2B737D7600D94E33 /* UIColorExtension.swift */ = {isa = PBXFileReference; lastKnownFileType = sourcecode.swift; path = UIColorExtension.swift; sourceTree = "<group>"; };
		0DD02F0F2B737E0300D94E33 /* WishMakerViewController.swift */ = {isa = PBXFileReference; lastKnownFileType = sourcecode.swift; path = WishMakerViewController.swift; sourceTree = "<group>"; };
		0DD02F112B73805D00D94E33 /* README.md */ = {isa = PBXFileReference; lastKnownFileType = net.daringfireball.markdown; path = README.md; sourceTree = "<group>"; };
		0DD7A33B2BA902E500E72344 /* CoreData.xcdatamodel */ = {isa = PBXFileReference; lastKnownFileType = wrapper.xcdatamodel; path = CoreData.xcdatamodel; sourceTree = "<group>"; };
		0DD7A3472BA9045700E72344 /* CoreDataManager.swift */ = {isa = PBXFileReference; lastKnownFileType = sourcecode.swift; path = CoreDataManager.swift; sourceTree = "<group>"; };
/* End PBXFileReference section */

/* Begin PBXFrameworksBuildPhase section */
		0DD02EEE2B737BF700D94E33 /* Frameworks */ = {
			isa = PBXFrameworksBuildPhase;
			buildActionMask = 2147483647;
			files = (
			);
			runOnlyForDeploymentPostprocessing = 0;
		};
/* End PBXFrameworksBuildPhase section */

/* Begin PBXGroup section */
		0DD02EE82B737BF700D94E33 = {
			isa = PBXGroup;
			children = (
				0DD7A3432BA9043000E72344 /* Managers */,
				0DD7A3422BA903F700E72344 /* Entities */,
				0DD7A33A2BA902E500E72344 /* CoreData.xcdatamodeld */,
				0DCE57042B95D76B00609C23 /* UIViewPin.swift */,
				0DD02F112B73805D00D94E33 /* README.md */,
				0DD02F0E2B737DD900D94E33 /* ViewControllers */,
				0DD02F0B2B737D6100D94E33 /* Extensions */,
				0DD02F082B737C3E00D94E33 /* CustomViews */,
				0DD02EF32B737BF700D94E33 /* nakitaevPW2 */,
				0DD02EF22B737BF700D94E33 /* Products */,
			);
			sourceTree = "<group>";
		};
		0DD02EF22B737BF700D94E33 /* Products */ = {
			isa = PBXGroup;
			children = (
				0DD02EF12B737BF700D94E33 /* nakitaevPW2.app */,
			);
			name = Products;
			sourceTree = "<group>";
		};
		0DD02EF32B737BF700D94E33 /* nakitaevPW2 */ = {
			isa = PBXGroup;
			children = (
				0DD02EF42B737BF700D94E33 /* AppDelegate.swift */,
				0DD02EF62B737BF700D94E33 /* SceneDelegate.swift */,
				0DD02EFD2B737BF800D94E33 /* Assets.xcassets */,
				0DD02EFF2B737BF800D94E33 /* LaunchScreen.storyboard */,
				0DD02F022B737BF800D94E33 /* Info.plist */,
			);
			path = nakitaevPW2;
			sourceTree = "<group>";
		};
		0DD02F082B737C3E00D94E33 /* CustomViews */ = {
			isa = PBXGroup;
			children = (
				0DD02F092B737C6100D94E33 /* CustomSlider.swift */,
				0DCE56FD2B956B0100609C23 /* WrittenWishCell.swift */,
				0DCE57062B9785D300609C23 /* AddWishCell.swift */,
			);
			path = CustomViews;
			sourceTree = "<group>";
		};
		0DD02F0B2B737D6100D94E33 /* Extensions */ = {
			isa = PBXGroup;
			children = (
				0DD02F0C2B737D7600D94E33 /* UIColorExtension.swift */,
			);
			path = Extensions;
			sourceTree = "<group>";
		};
		0DD02F0E2B737DD900D94E33 /* ViewControllers */ = {
			isa = PBXGroup;
			children = (
				0DD02F0F2B737E0300D94E33 /* WishMakerViewController.swift */,
				0D91A5DA2B77255B009B9538 /* WishStoringViewController.swift */,
			);
			path = ViewControllers;
			sourceTree = "<group>";
		};
		0DD7A3422BA903F700E72344 /* Entities */ = {
			isa = PBXGroup;
			children = (
			);
			path = Entities;
			sourceTree = "<group>";
		};
		0DD7A3432BA9043000E72344 /* Managers */ = {
			isa = PBXGroup;
			children = (
				0DD7A3472BA9045700E72344 /* CoreDataManager.swift */,
			);
			path = Managers;
			sourceTree = "<group>";
		};
/* End PBXGroup section */

/* Begin PBXNativeTarget section */
		0DD02EF02B737BF700D94E33 /* nakitaevPW2 */ = {
			isa = PBXNativeTarget;
			buildConfigurationList = 0DD02F052B737BF800D94E33 /* Build configuration list for PBXNativeTarget "nakitaevPW2" */;
			buildPhases = (
				0DD02EED2B737BF700D94E33 /* Sources */,
				0DD02EEE2B737BF700D94E33 /* Frameworks */,
				0DD02EEF2B737BF700D94E33 /* Resources */,
			);
			buildRules = (
			);
			dependencies = (
			);
			name = nakitaevPW2;
			packageProductDependencies = (
			);
			productName = nakitaevPW2;
			productReference = 0DD02EF12B737BF700D94E33 /* nakitaevPW2.app */;
			productType = "com.apple.product-type.application";
		};
/* End PBXNativeTarget section */

/* Begin PBXProject section */
		0DD02EE92B737BF700D94E33 /* Project object */ = {
			isa = PBXProject;
			attributes = {
				BuildIndependentTargetsInParallel = 1;
				LastSwiftUpdateCheck = 1500;
				LastUpgradeCheck = 1500;
				TargetAttributes = {
					0DD02EF02B737BF700D94E33 = {
						CreatedOnToolsVersion = 15.0.1;
					};
				};
			};
			buildConfigurationList = 0DD02EEC2B737BF700D94E33 /* Build configuration list for PBXProject "nakitaevPW2" */;
			compatibilityVersion = "Xcode 14.0";
			developmentRegion = en;
			hasScannedForEncodings = 0;
			knownRegions = (
				en,
				Base,
			);
			mainGroup = 0DD02EE82B737BF700D94E33;
			packageReferences = (
				0DCE56FF2B9576AD00609C23 /* XCRemoteSwiftPackageReference "PinLayout" */,
			);
			productRefGroup = 0DD02EF22B737BF700D94E33 /* Products */;
			projectDirPath = "";
			projectRoot = "";
			targets = (
				0DD02EF02B737BF700D94E33 /* nakitaevPW2 */,
			);
		};
/* End PBXProject section */

/* Begin PBXResourcesBuildPhase section */
		0DD02EEF2B737BF700D94E33 /* Resources */ = {
			isa = PBXResourcesBuildPhase;
			buildActionMask = 2147483647;
			files = (
				0DD02F012B737BF800D94E33 /* LaunchScreen.storyboard in Resources */,
				0DD02EFE2B737BF800D94E33 /* Assets.xcassets in Resources */,
			);
			runOnlyForDeploymentPostprocessing = 0;
		};
/* End PBXResourcesBuildPhase section */

/* Begin PBXSourcesBuildPhase section */
		0DD02EED2B737BF700D94E33 /* Sources */ = {
			isa = PBXSourcesBuildPhase;
			buildActionMask = 2147483647;
			files = (
				0DD7A3482BA9045700E72344 /* CoreDataManager.swift in Sources */,
				0DCE56FE2B956B0100609C23 /* WrittenWishCell.swift in Sources */,
				0D91A5DB2B77255B009B9538 /* WishStoringViewController.swift in Sources */,
				0DD7A33C2BA902E500E72344 /* CoreData.xcdatamodeld in Sources */,
				0DCE57052B95D76B00609C23 /* UIViewPin.swift in Sources */,
				0DD02EF52B737BF700D94E33 /* AppDelegate.swift in Sources */,
				0DD02F102B737E0300D94E33 /* WishMakerViewController.swift in Sources */,
				0DD02F0D2B737D7600D94E33 /* UIColorExtension.swift in Sources */,
				0DD02EF72B737BF700D94E33 /* SceneDelegate.swift in Sources */,
				0DD02F0A2B737C6100D94E33 /* CustomSlider.swift in Sources */,
				0DCE57072B9785D300609C23 /* AddWishCell.swift in Sources */,
			);
			runOnlyForDeploymentPostprocessing = 0;
		};
/* End PBXSourcesBuildPhase section */

/* Begin PBXVariantGroup section */
		0DD02EFF2B737BF800D94E33 /* LaunchScreen.storyboard */ = {
			isa = PBXVariantGroup;
			children = (
				0DD02F002B737BF800D94E33 /* Base */,
			);
			name = LaunchScreen.storyboard;
			sourceTree = "<group>";
		};
/* End PBXVariantGroup section */

/* Begin XCBuildConfiguration section */
		0DD02F032B737BF800D94E33 /* Debug */ = {
			isa = XCBuildConfiguration;
			buildSettings = {
				ALWAYS_SEARCH_USER_PATHS = NO;
				ASSETCATALOG_COMPILER_GENERATE_SWIFT_ASSET_SYMBOL_EXTENSIONS = YES;
				CLANG_ANALYZER_NONNULL = YES;
				CLANG_ANALYZER_NUMBER_OBJECT_CONVERSION = YES_AGGRESSIVE;
				CLANG_CXX_LANGUAGE_STANDARD = "gnu++20";
				CLANG_ENABLE_MODULES = YES;
				CLANG_ENABLE_OBJC_ARC = YES;
				CLANG_ENABLE_OBJC_WEAK = YES;
				CLANG_WARN_BLOCK_CAPTURE_AUTORELEASING = YES;
				CLANG_WARN_BOOL_CONVERSION = YES;
				CLANG_WARN_COMMA = YES;
				CLANG_WARN_CONSTANT_CONVERSION = YES;
				CLANG_WARN_DEPRECATED_OBJC_IMPLEMENTATIONS = YES;
				CLANG_WARN_DIRECT_OBJC_ISA_USAGE = YES_ERROR;
				CLANG_WARN_DOCUMENTATION_COMMENTS = YES;
				CLANG_WARN_EMPTY_BODY = YES;
				CLANG_WARN_ENUM_CONVERSION = YES;
				CLANG_WARN_INFINITE_RECURSION = YES;
				CLANG_WARN_INT_CONVERSION = YES;
				CLANG_WARN_NON_LITERAL_NULL_CONVERSION = YES;
				CLANG_WARN_OBJC_IMPLICIT_RETAIN_SELF = YES;
				CLANG_WARN_OBJC_LITERAL_CONVERSION = YES;
				CLANG_WARN_OBJC_ROOT_CLASS = YES_ERROR;
				CLANG_WARN_QUOTED_INCLUDE_IN_FRAMEWORK_HEADER = YES;
				CLANG_WARN_RANGE_LOOP_ANALYSIS = YES;
				CLANG_WARN_STRICT_PROTOTYPES = YES;
				CLANG_WARN_SUSPICIOUS_MOVE = YES;
				CLANG_WARN_UNGUARDED_AVAILABILITY = YES_AGGRESSIVE;
				CLANG_WARN_UNREACHABLE_CODE = YES;
				CLANG_WARN__DUPLICATE_METHOD_MATCH = YES;
				COPY_PHASE_STRIP = NO;
				DEBUG_INFORMATION_FORMAT = dwarf;
				ENABLE_STRICT_OBJC_MSGSEND = YES;
				ENABLE_TESTABILITY = YES;
				ENABLE_USER_SCRIPT_SANDBOXING = YES;
				GCC_C_LANGUAGE_STANDARD = gnu17;
				GCC_DYNAMIC_NO_PIC = NO;
				GCC_NO_COMMON_BLOCKS = YES;
				GCC_OPTIMIZATION_LEVEL = 0;
				GCC_PREPROCESSOR_DEFINITIONS = (
					"DEBUG=1",
					"$(inherited)",
				);
				GCC_WARN_64_TO_32_BIT_CONVERSION = YES;
				GCC_WARN_ABOUT_RETURN_TYPE = YES_ERROR;
				GCC_WARN_UNDECLARED_SELECTOR = YES;
				GCC_WARN_UNINITIALIZED_AUTOS = YES_AGGRESSIVE;
				GCC_WARN_UNUSED_FUNCTION = YES;
				GCC_WARN_UNUSED_VARIABLE = YES;
				IPHONEOS_DEPLOYMENT_TARGET = 17.0;
				LOCALIZATION_PREFERS_STRING_CATALOGS = YES;
				MTL_ENABLE_DEBUG_INFO = INCLUDE_SOURCE;
				MTL_FAST_MATH = YES;
				ONLY_ACTIVE_ARCH = YES;
				SDKROOT = iphoneos;
				SWIFT_ACTIVE_COMPILATION_CONDITIONS = "DEBUG $(inherited)";
				SWIFT_OPTIMIZATION_LEVEL = "-Onone";
			};
			name = Debug;
		};
		0DD02F042B737BF800D94E33 /* Release */ = {
			isa = XCBuildConfiguration;
			buildSettings = {
				ALWAYS_SEARCH_USER_PATHS = NO;
				ASSETCATALOG_COMPILER_GENERATE_SWIFT_ASSET_SYMBOL_EXTENSIONS = YES;
				CLANG_ANALYZER_NONNULL = YES;
				CLANG_ANALYZER_NUMBER_OBJECT_CONVERSION = YES_AGGRESSIVE;
				CLANG_CXX_LANGUAGE_STANDARD = "gnu++20";
				CLANG_ENABLE_MODULES = YES;
				CLANG_ENABLE_OBJC_ARC = YES;
				CLANG_ENABLE_OBJC_WEAK = YES;
				CLANG_WARN_BLOCK_CAPTURE_AUTORELEASING = YES;
				CLANG_WARN_BOOL_CONVERSION = YES;
				CLANG_WARN_COMMA = YES;
				CLANG_WARN_CONSTANT_CONVERSION = YES;
				CLANG_WARN_DEPRECATED_OBJC_IMPLEMENTATIONS = YES;
				CLANG_WARN_DIRECT_OBJC_ISA_USAGE = YES_ERROR;
				CLANG_WARN_DOCUMENTATION_COMMENTS = YES;
				CLANG_WARN_EMPTY_BODY = YES;
				CLANG_WARN_ENUM_CONVERSION = YES;
				CLANG_WARN_INFINITE_RECURSION = YES;
				CLANG_WARN_INT_CONVERSION = YES;
				CLANG_WARN_NON_LITERAL_NULL_CONVERSION = YES;
				CLANG_WARN_OBJC_IMPLICIT_RETAIN_SELF = YES;
				CLANG_WARN_OBJC_LITERAL_CONVERSION = YES;
				CLANG_WARN_OBJC_ROOT_CLASS = YES_ERROR;
				CLANG_WARN_QUOTED_INCLUDE_IN_FRAMEWORK_HEADER = YES;
				CLANG_WARN_RANGE_LOOP_ANALYSIS = YES;
				CLANG_WARN_STRICT_PROTOTYPES = YES;
				CLANG_WARN_SUSPICIOUS_MOVE = YES;
				CLANG_WARN_UNGUARDED_AVAILABILITY = YES_AGGRESSIVE;
				CLANG_WARN_UNREACHABLE_CODE = YES;
				CLANG_WARN__DUPLICATE_METHOD_MATCH = YES;
				COPY_PHASE_STRIP = NO;
				DEBUG_INFORMATION_FORMAT = "dwarf-with-dsym";
				ENABLE_NS_ASSERTIONS = NO;
				ENABLE_STRICT_OBJC_MSGSEND = YES;
				ENABLE_USER_SCRIPT_SANDBOXING = YES;
				GCC_C_LANGUAGE_STANDARD = gnu17;
				GCC_NO_COMMON_BLOCKS = YES;
				GCC_WARN_64_TO_32_BIT_CONVERSION = YES;
				GCC_WARN_ABOUT_RETURN_TYPE = YES_ERROR;
				GCC_WARN_UNDECLARED_SELECTOR = YES;
				GCC_WARN_UNINITIALIZED_AUTOS = YES_AGGRESSIVE;
				GCC_WARN_UNUSED_FUNCTION = YES;
				GCC_WARN_UNUSED_VARIABLE = YES;
				IPHONEOS_DEPLOYMENT_TARGET = 17.0;
				LOCALIZATION_PREFERS_STRING_CATALOGS = YES;
				MTL_ENABLE_DEBUG_INFO = NO;
				MTL_FAST_MATH = YES;
				SDKROOT = iphoneos;
				SWIFT_COMPILATION_MODE = wholemodule;
				VALIDATE_PRODUCT = YES;
			};
			name = Release;
		};
		0DD02F062B737BF800D94E33 /* Debug */ = {
			isa = XCBuildConfiguration;
			buildSettings = {
				ASSETCATALOG_COMPILER_APPICON_NAME = AppIcon;
				ASSETCATALOG_COMPILER_GLOBAL_ACCENT_COLOR_NAME = AccentColor;
				CODE_SIGN_STYLE = Automatic;
				CURRENT_PROJECT_VERSION = 1;
				GENERATE_INFOPLIST_FILE = YES;
				INFOPLIST_FILE = nakitaevPW2/Info.plist;
				INFOPLIST_KEY_UIApplicationSupportsIndirectInputEvents = YES;
				INFOPLIST_KEY_UILaunchStoryboardName = LaunchScreen;
				INFOPLIST_KEY_UISupportedInterfaceOrientations_iPad = "UIInterfaceOrientationPortrait UIInterfaceOrientationPortraitUpsideDown UIInterfaceOrientationLandscapeLeft UIInterfaceOrientationLandscapeRight";
				INFOPLIST_KEY_UISupportedInterfaceOrientations_iPhone = "UIInterfaceOrientationPortrait UIInterfaceOrientationLandscapeLeft UIInterfaceOrientationLandscapeRight";
				IPHONEOS_DEPLOYMENT_TARGET = 14.0;
				LD_RUNPATH_SEARCH_PATHS = (
					"$(inherited)",
					"@executable_path/Frameworks",
				);
				MARKETING_VERSION = 1.0;
				PRODUCT_BUNDLE_IDENTIFIER = "-23.nakitaevPW2";
				PRODUCT_NAME = "$(TARGET_NAME)";
				SWIFT_EMIT_LOC_STRINGS = YES;
				SWIFT_VERSION = 5.0;
				TARGETED_DEVICE_FAMILY = "1,2";
			};
			name = Debug;
		};
		0DD02F072B737BF800D94E33 /* Release */ = {
			isa = XCBuildConfiguration;
			buildSettings = {
				ASSETCATALOG_COMPILER_APPICON_NAME = AppIcon;
				ASSETCATALOG_COMPILER_GLOBAL_ACCENT_COLOR_NAME = AccentColor;
				CODE_SIGN_STYLE = Automatic;
				CURRENT_PROJECT_VERSION = 1;
				GENERATE_INFOPLIST_FILE = YES;
				INFOPLIST_FILE = nakitaevPW2/Info.plist;
				INFOPLIST_KEY_UIApplicationSupportsIndirectInputEvents = YES;
				INFOPLIST_KEY_UILaunchStoryboardName = LaunchScreen;
				INFOPLIST_KEY_UISupportedInterfaceOrientations_iPad = "UIInterfaceOrientationPortrait UIInterfaceOrientationPortraitUpsideDown UIInterfaceOrientationLandscapeLeft UIInterfaceOrientationLandscapeRight";
				INFOPLIST_KEY_UISupportedInterfaceOrientations_iPhone = "UIInterfaceOrientationPortrait UIInterfaceOrientationLandscapeLeft UIInterfaceOrientationLandscapeRight";
				IPHONEOS_DEPLOYMENT_TARGET = 14.0;
				LD_RUNPATH_SEARCH_PATHS = (
					"$(inherited)",
					"@executable_path/Frameworks",
				);
				MARKETING_VERSION = 1.0;
				PRODUCT_BUNDLE_IDENTIFIER = "-23.nakitaevPW2";
				PRODUCT_NAME = "$(TARGET_NAME)";
				SWIFT_EMIT_LOC_STRINGS = YES;
				SWIFT_VERSION = 5.0;
				TARGETED_DEVICE_FAMILY = "1,2";
			};
			name = Release;
		};
/* End XCBuildConfiguration section */

/* Begin XCConfigurationList section */
		0DD02EEC2B737BF700D94E33 /* Build configuration list for PBXProject "nakitaevPW2" */ = {
			isa = XCConfigurationList;
			buildConfigurations = (
				0DD02F032B737BF800D94E33 /* Debug */,
				0DD02F042B737BF800D94E33 /* Release */,
			);
			defaultConfigurationIsVisible = 0;
			defaultConfigurationName = Release;
		};
		0DD02F052B737BF800D94E33 /* Build configuration list for PBXNativeTarget "nakitaevPW2" */ = {
			isa = XCConfigurationList;
			buildConfigurations = (
				0DD02F062B737BF800D94E33 /* Debug */,
				0DD02F072B737BF800D94E33 /* Release */,
			);
			defaultConfigurationIsVisible = 0;
			defaultConfigurationName = Release;
		};
/* End XCConfigurationList section */

/* Begin XCRemoteSwiftPackageReference section */
		0DCE56FF2B9576AD00609C23 /* XCRemoteSwiftPackageReference "PinLayout" */ = {
			isa = XCRemoteSwiftPackageReference;
			repositoryURL = "https://github.com/layoutBox/PinLayout.git";
			requirement = {
				kind = upToNextMajorVersion;
				minimumVersion = 1.10.5;
			};
		};
/* End XCRemoteSwiftPackageReference section */

/* Begin XCVersionGroup section */
		0DD7A33A2BA902E500E72344 /* CoreData.xcdatamodeld */ = {
			isa = XCVersionGroup;
			children = (
				0DD7A33B2BA902E500E72344 /* CoreData.xcdatamodel */,
			);
			currentVersion = 0DD7A33B2BA902E500E72344 /* CoreData.xcdatamodel */;
			path = CoreData.xcdatamodeld;
			sourceTree = "<group>";
			versionGroupType = wrapper.xcdatamodel;
		};
/* End XCVersionGroup section */
	};
	rootObject = 0DD02EE92B737BF700D94E33 /* Project object */;
}
